
Microsoft Visual Studio Solution File, Format Version 12.00
# Visual Studio Version 17
VisualStudioVersion = 17.10.35027.167
MinimumVisualStudioVersion = 10.0.40219.1
Project("{F2A71F9B-5D33-465A-A702-920D77279786}") = "LaZula", "LaZula\LaZula.fsproj", "{834F8840-B4C9-4A3D-81E0-9B915536B9D1}"
EndProject
Global
	GlobalSection(SolutionConfigurationPlatforms) = preSolution
		Debug|Any CPU = Debug|Any CPU
		Release|Any CPU = Release|Any CPU
	EndGlobalSection
	GlobalSection(ProjectConfigurationPlatforms) = postSolution
		{834F8840-B4C9-4A3D-81E0-9B915536B9D1}.Debug|Any CPU.ActiveCfg = Debug|Any CPU
		{834F8840-B4C9-4A3D-81E0-9B915536B9D1}.Debug|Any CPU.Build.0 = Debug|Any CPU
		{834F8840-B4C9-4A3D-81E0-9B915536B9D1}.Release|Any CPU.ActiveCfg = Release|Any CPU
		{834F8840-B4C9-4A3D-81E0-9B915536B9D1}.Release|Any CPU.Build.0 = Release|Any CPU
	EndGlobalSection
	GlobalSection(SolutionProperties) = preSolution
		HideSolutionNode = FALSE
	EndGlobalSection
	GlobalSection(ExtensibilityGlobals) = postSolution
		SolutionGuid = {083473DD-8604-49E3-8AE6-F0E2C1F6A938}
	EndGlobalSection
EndGlobal
